
Microsoft Visual Studio Solution File, Format Version 12.00
# Visual Studio Version 17
VisualStudioVersion = 17.3.32825.248
MinimumVisualStudioVersion = 10.0.40219.1
Project("{FAE04EC0-301F-11D3-BF4B-00C04F79EFBC}") = "WSPlus.DATA", "WSPlus.DATA\WSPlus.DATA.csproj", "{6BAEC659-50F4-493F-9E0C-C41BCB65F9D9}"
EndProject
Project("{FAE04EC0-301F-11D3-BF4B-00C04F79EFBC}") = "WSPlus.WEB", "WSPlus.WEB\WSPlus.WEB.csproj", "{19460C45-A51D-4CC5-9855-8B0FBD18EFB7}"
EndProject
Global
	GlobalSection(SolutionConfigurationPlatforms) = preSolution
		Debug|Any CPU = Debug|Any CPU
		Release|Any CPU = Release|Any CPU
	EndGlobalSection
	GlobalSection(ProjectConfigurationPlatforms) = postSolution
		{6BAEC659-50F4-493F-9E0C-C41BCB65F9D9}.Debug|Any CPU.ActiveCfg = Debug|Any CPU
		{6BAEC659-50F4-493F-9E0C-C41BCB65F9D9}.Debug|Any CPU.Build.0 = Debug|Any CPU
		{6BAEC659-50F4-493F-9E0C-C41BCB65F9D9}.Release|Any CPU.ActiveCfg = Release|Any CPU
		{6BAEC659-50F4-493F-9E0C-C41BCB65F9D9}.Release|Any CPU.Build.0 = Release|Any CPU
		{19460C45-A51D-4CC5-9855-8B0FBD18EFB7}.Debug|Any CPU.ActiveCfg = Debug|Any CPU
		{19460C45-A51D-4CC5-9855-8B0FBD18EFB7}.Debug|Any CPU.Build.0 = Debug|Any CPU
		{19460C45-A51D-4CC5-9855-8B0FBD18EFB7}.Release|Any CPU.ActiveCfg = Release|Any CPU
		{19460C45-A51D-4CC5-9855-8B0FBD18EFB7}.Release|Any CPU.Build.0 = Release|Any CPU
	EndGlobalSection
	GlobalSection(SolutionProperties) = preSolution
		HideSolutionNode = FALSE
	EndGlobalSection
	GlobalSection(ExtensibilityGlobals) = postSolution
		SolutionGuid = {EF9F62A6-80C5-4A1D-A065-046AF68646A9}
	EndGlobalSection
EndGlobal
